version: 1
generated_at: 2026-08-21T11:49:20Z
internal: []
trusted:
  - action: actions/checkout
    refs:
      - 34e114876b0b11c390a56381ad16ebd13914f8d5
      - ee0669bd1cc54295c223e0bb666b733df41de1c5
      - f43a0e5ff2bd294095638e18286ca9a3d1956744
    occurrences:
      34e114876b0b11c390a56381ad16ebd13914f8d5:
        .github/workflows/build.yml:
          - jobs.build.steps.[1].uses
          - jobs.build.steps.[7].uses
        .github/workflows/generate-pot-file.yml:
          - jobs.regenerate-pot-file.steps.[1].uses
        .github/workflows/linters.yml:
          - jobs.commit-lint.steps.[1].uses
        .github/workflows/on_release.yml:
          - jobs.release.steps.[1].uses
      ee0669bd1cc54295c223e0bb666b733df41de1c5:
        .github/workflows/ci.yml:
          - jobs.tests.steps.[1].uses
        .github/workflows/semantic.yml:
          - jobs.semantic.steps.[1].uses
      f43a0e5ff2bd294095638e18286ca9a3d1956744:
        .github/workflows/ci.yml:
          - jobs.coverage.steps.[1].uses
        .github/workflows/linters.yml:
          - jobs.linters.steps.[1].uses
        .github/workflows/ui-tests.yml:
          - jobs.test.steps.[1].uses
  - action: actions/create-github-app-token
    refs:
      - 29824e69f54612133e76f7eaac726eef6c875baf
    occurrences:
      29824e69f54612133e76f7eaac726eef6c875baf:
        .github/workflows/notify_deployment_app.yaml:
          - jobs.notify-deployment-app.steps.[1].uses
  - action: actions/download-artifact
    refs:
      - d3f86a106a0bac45b974a628896c90dbdf5c8093
    occurrences:
      d3f86a106a0bac45b974a628896c90dbdf5c8093:
        .github/workflows/ci.yml:
          - jobs.coverage.steps.[2].uses
  - action: actions/upload-artifact
    refs:
      - ea165f8d65b6e75b540449e92b4886f43607fa02
    occurrences:
      ea165f8d65b6e75b540449e92b4886f43607fa02:
        .github/workflows/ci.yml:
          - jobs.tests.steps.[14].uses
external:
  - action: octokit/request-action
    refs:
      - 02f5e7c637a73a3b12ed81015fa7fb5f11cc5d7d
    occurrences:
      02f5e7c637a73a3b12ed81015fa7fb5f11cc5d7d:
        .github/workflows/make_release_pr.yml:
          - jobs.release.steps.[1].uses
  - action: pre-commit/action
    refs:
      - 2c7b3805fd2a0fd8c1884dcaebf91fc102a13ecd
    occurrences:
      2c7b3805fd2a0fd8c1884dcaebf91fc102a13ecd:
        .github/workflows/linters.yml:
          - jobs.linters.steps.[4].uses
  - action: step-security/codecov-action
    refs:
      - db5c3605ff3c9dc7f0b2791e6bea84a561bacab8
    occurrences:
      db5c3605ff3c9dc7f0b2791e6bea84a561bacab8:
        .github/workflows/ci.yml:
          - jobs.coverage.steps.[3].uses
  - action: step-security/docker-build-push-action
    refs:
      - 9af9b5acc1751dcec2aa5375a068979fa526bc9a
    occurrences:
      9af9b5acc1751dcec2aa5375a068979fa526bc9a:
        .github/workflows/build.yml:
          - jobs.build.steps.[8].uses
  - action: step-security/docker-login-action
    refs:
      - 164e21d7e52229904128e2f946001cb88278c33d
    occurrences:
      164e21d7e52229904128e2f946001cb88278c33d:
        .github/workflows/build.yml:
          - jobs.build.steps.[4].uses
  - action: step-security/harden-runner
    refs:
      - 9af89fc71515a100421586dfdb3dc9c984fbf411
    occurrences:
      9af89fc71515a100421586dfdb3dc9c984fbf411:
        .github/workflows/build.yml:
          - jobs.build.steps.[0].uses
        .github/workflows/ci.yml:
          - jobs.tests.steps.[0].uses
          - jobs.coverage.steps.[0].uses
        .github/workflows/generate-pot-file.yml:
          - jobs.regenerate-pot-file.steps.[0].uses
        .github/workflows/linters.yml:
          - jobs.commit-lint.steps.[0].uses
          - jobs.linters.steps.[0].uses
        .github/workflows/make_release_pr.yml:
          - jobs.release.steps.[0].uses
        .github/workflows/notify_deployment_app.yaml:
          - jobs.notify-deployment-app.steps.[0].uses
        .github/workflows/on_release.yml:
          - jobs.release.steps.[0].uses
        .github/workflows/release_notes.yml:
          - jobs.regen-notes.steps.[0].uses
        .github/workflows/semantic.yml:
          - jobs.semantic.steps.[0].uses
        .github/workflows/ui-tests.yml:
          - jobs.test.steps.[0].uses
  - action: step-security/mise-action
    refs:
      - 2796166110dee826668caddd4bffedae5116e7cd
    occurrences:
      2796166110dee826668caddd4bffedae5116e7cd:
        .github/workflows/ci.yml:
          - jobs.tests.steps.[2].uses
        .github/workflows/generate-pot-file.yml:
          - jobs.regenerate-pot-file.steps.[2].uses
        .github/workflows/linters.yml:
          - jobs.commit-lint.steps.[2].uses
          - jobs.linters.steps.[2].uses
        .github/workflows/on_release.yml:
          - jobs.release.steps.[2].uses
        .github/workflows/ui-tests.yml:
          - jobs.test.steps.[2].uses
  - action: step-security/repository-dispatch
    refs:
      - 1a81ac1c72a4ad222c516293b6adf56b34c4cffd
    occurrences:
      1a81ac1c72a4ad222c516293b6adf56b34c4cffd:
        .github/workflows/notify_deployment_app.yaml:
          - jobs.notify-deployment-app.steps.[2].uses
  - action: step-security/runs-on-cache
    refs:
      - c5b0cba15d05488ebc630ad8d1e95b3d9b35ac73
    occurrences:
      c5b0cba15d05488ebc630ad8d1e95b3d9b35ac73:
        .github/workflows/ci.yml:
          - jobs.tests.steps.[3].uses
        .github/workflows/linters.yml:
          - jobs.linters.steps.[3].uses
        .github/workflows/ui-tests.yml:
          - jobs.test.steps.[5].uses
          - jobs.test.steps.[7].uses
          - jobs.test.steps.[8].uses
  - action: step-security/setup-buildx-action
    refs:
      - 6997872a55d77391e51b87609556578131f44402
    occurrences:
      6997872a55d77391e51b87609556578131f44402:
        .github/workflows/build.yml:
          - jobs.build.steps.[3].uses
  - action: step-security/setup-qemu-action
    refs:
      - fe44c529aab16157fc475f4991a7f926aa9a02a2
    occurrences:
      fe44c529aab16157fc475f4991a7f926aa9a02a2:
        .github/workflows/build.yml:
          - jobs.build.steps.[2].uses
  - action: zeke/semantic-pull-requests
    refs:
      - f4916f442d077624ea7bc24751be187be3c3ac9f
    occurrences:
      f4916f442d077624ea7bc24751be187be3c3ac9f:
        .github/workflows/semantic.yml:
          - jobs.semantic.steps.[2].uses
local: []
docker: []
dynamic: []
nested_floating_deps: []
