version: 1
generated_at: 2026-06-15T13:15:43Z
internal: []
trusted:
  - action: actions/cache
    refs:
      - 0057852bfaa89a56745cba8c7296529d2fc39830
    occurrences:
      0057852bfaa89a56745cba8c7296529d2fc39830:
        .github/workflows/ci.yml:
          - jobs.tests.steps.[3].uses
        .github/workflows/linters.yml:
          - jobs.linters.steps.[2].uses
        .github/workflows/ui-tests.yml:
          - jobs.test.steps.[5].uses
          - jobs.test.steps.[7].uses
          - jobs.test.steps.[8].uses
  - action: actions/checkout
    refs:
      - 34e114876b0b11c390a56381ad16ebd13914f8d5
      - ee0669bd1cc54295c223e0bb666b733df41de1c5
      - f43a0e5ff2bd294095638e18286ca9a3d1956744
    occurrences:
      34e114876b0b11c390a56381ad16ebd13914f8d5:
        .github/workflows/build.yml:
          - jobs.build.steps.[0].uses
          - jobs.build.steps.[6].uses
        .github/workflows/generate-pot-file.yml:
          - jobs.regenerate-pot-file.steps.[0].uses
        .github/workflows/linters.yml:
          - jobs.commit-lint.steps.[0].uses
        .github/workflows/on_release.yml:
          - jobs.release.steps.[0].uses
      ee0669bd1cc54295c223e0bb666b733df41de1c5:
        .github/workflows/ci.yml:
          - jobs.tests.steps.[0].uses
        .github/workflows/semantic.yml:
          - jobs.semantic.steps.[0].uses
      f43a0e5ff2bd294095638e18286ca9a3d1956744:
        .github/workflows/ci.yml:
          - jobs.coverage.steps.[0].uses
        .github/workflows/linters.yml:
          - jobs.linters.steps.[0].uses
        .github/workflows/ui-tests.yml:
          - jobs.test.steps.[0].uses
  - action: actions/create-github-app-token
    refs:
      - 29824e69f54612133e76f7eaac726eef6c875baf
    occurrences:
      29824e69f54612133e76f7eaac726eef6c875baf:
        .github/workflows/notify_deployment_app.yaml:
          - jobs.notify-deployment-app.steps.[0].uses
  - action: actions/download-artifact
    refs:
      - d3f86a106a0bac45b974a628896c90dbdf5c8093
    occurrences:
      d3f86a106a0bac45b974a628896c90dbdf5c8093:
        .github/workflows/ci.yml:
          - jobs.coverage.steps.[1].uses
  - action: actions/setup-node
    refs:
      - 48b55a011bda9f5d6aeb4c2d9c7362e8dae4041e
    occurrences:
      48b55a011bda9f5d6aeb4c2d9c7362e8dae4041e:
        .github/workflows/ci.yml:
          - jobs.tests.steps.[2].uses
        .github/workflows/generate-pot-file.yml:
          - jobs.regenerate-pot-file.steps.[2].uses
        .github/workflows/linters.yml:
          - jobs.commit-lint.steps.[1].uses
        .github/workflows/on_release.yml:
          - jobs.release.steps.[1].uses
        .github/workflows/ui-tests.yml:
          - jobs.test.steps.[3].uses
  - action: actions/setup-python
    refs:
      - a309ff8b426b58ec0e2a45f0f869d46889d02405
    occurrences:
      a309ff8b426b58ec0e2a45f0f869d46889d02405:
        .github/workflows/ci.yml:
          - jobs.tests.steps.[1].uses
        .github/workflows/generate-pot-file.yml:
          - jobs.regenerate-pot-file.steps.[1].uses
        .github/workflows/linters.yml:
          - jobs.linters.steps.[1].uses
        .github/workflows/ui-tests.yml:
          - jobs.test.steps.[1].uses
  - action: actions/upload-artifact
    refs:
      - ea165f8d65b6e75b540449e92b4886f43607fa02
    occurrences:
      ea165f8d65b6e75b540449e92b4886f43607fa02:
        .github/workflows/ci.yml:
          - jobs.tests.steps.[14].uses
external:
  - action: codecov/codecov-action
    refs:
      - 75cd11691c0faa626561e295848008c8a7dddffe
    occurrences:
      75cd11691c0faa626561e295848008c8a7dddffe:
        .github/workflows/ci.yml:
          - jobs.coverage.steps.[2].uses
  - action: docker/build-push-action
    refs:
      - 10e90e3645eae34f1e60eeb005ba3a3d33f178e8
    occurrences:
      10e90e3645eae34f1e60eeb005ba3a3d33f178e8:
        .github/workflows/build.yml:
          - jobs.build.steps.[7].uses
  - action: docker/login-action
    refs:
      - 465a07811f14bebb1938fbed4728c6a1ff8901fc
    occurrences:
      465a07811f14bebb1938fbed4728c6a1ff8901fc:
        .github/workflows/build.yml:
          - jobs.build.steps.[3].uses
  - action: docker/setup-buildx-action
    refs:
      - 8d2750c68a42422c14e847fe6c8ac0403b4cbd6f
    occurrences:
      8d2750c68a42422c14e847fe6c8ac0403b4cbd6f:
        .github/workflows/build.yml:
          - jobs.build.steps.[2].uses
  - action: docker/setup-qemu-action
    refs:
      - c7c53464625b32c7a7e944ae62b3e17d2b600130
    occurrences:
      c7c53464625b32c7a7e944ae62b3e17d2b600130:
        .github/workflows/build.yml:
          - jobs.build.steps.[1].uses
  - action: octokit/request-action
    refs:
      - v2.x
    occurrences:
      v2.x:
        .github/workflows/make_release_pr.yml:
          - jobs.release.steps.[0].uses
  - action: peter-evans/repository-dispatch
    refs:
      - 28959ce8df70de7be546dd1250a005dd32156697
    occurrences:
      28959ce8df70de7be546dd1250a005dd32156697:
        .github/workflows/notify_deployment_app.yaml:
          - jobs.notify-deployment-app.steps.[1].uses
  - action: pre-commit/action
    refs:
      - 2c7b3805fd2a0fd8c1884dcaebf91fc102a13ecd
    occurrences:
      2c7b3805fd2a0fd8c1884dcaebf91fc102a13ecd:
        .github/workflows/linters.yml:
          - jobs.linters.steps.[3].uses
  - action: zeke/semantic-pull-requests
    refs:
      - main
    occurrences:
      main:
        .github/workflows/semantic.yml:
          - jobs.semantic.steps.[1].uses
local: []
docker: []
dynamic: []
